
Microsoft Visual Studio Solution File, Format Version 12.00
# Visual Studio 14
VisualStudioVersion = 14.0.25420.1
MinimumVisualStudioVersion = 10.0.40219.1
Project("{FAE04EC0-301F-11D3-BF4B-00C04F79EFBC}") = "LeVillageStats", "LeVillageStats\LeVillageStats.csproj", "{4FA4CEFB-C813-4AA5-A858-1B9096B28BF3}"
EndProject
Project("{FAE04EC0-301F-11D3-BF4B-00C04F79EFBC}") = "LeVillageStatsTests", "LeVillageStatsTests\LeVillageStatsTests.csproj", "{40F56C14-16C1-41CC-87F2-C74CB49C6534}"
EndProject
Global
	GlobalSection(SolutionConfigurationPlatforms) = preSolution
		Debug|Any CPU = Debug|Any CPU
		Release|Any CPU = Release|Any CPU
	EndGlobalSection
	GlobalSection(ProjectConfigurationPlatforms) = postSolution
		{4FA4CEFB-C813-4AA5-A858-1B9096B28BF3}.Debug|Any CPU.ActiveCfg = Debug|Any CPU
		{4FA4CEFB-C813-4AA5-A858-1B9096B28BF3}.Debug|Any CPU.Build.0 = Debug|Any CPU
		{4FA4CEFB-C813-4AA5-A858-1B9096B28BF3}.Release|Any CPU.ActiveCfg = Release|Any CPU
		{4FA4CEFB-C813-4AA5-A858-1B9096B28BF3}.Release|Any CPU.Build.0 = Release|Any CPU
		{40F56C14-16C1-41CC-87F2-C74CB49C6534}.Debug|Any CPU.ActiveCfg = Debug|Any CPU
		{40F56C14-16C1-41CC-87F2-C74CB49C6534}.Debug|Any CPU.Build.0 = Debug|Any CPU
		{40F56C14-16C1-41CC-87F2-C74CB49C6534}.Release|Any CPU.ActiveCfg = Release|Any CPU
		{40F56C14-16C1-41CC-87F2-C74CB49C6534}.Release|Any CPU.Build.0 = Release|Any CPU
	EndGlobalSection
	GlobalSection(SolutionProperties) = preSolution
		HideSolutionNode = FALSE
	EndGlobalSection
EndGlobal
